dependencies:
- name: mongodb-managed
  repository: https://charts.neo9.pro
  version: 0.9.0
- name: rabbitmq-managed
  repository: https://charts.neo9.pro
  version: 0.7.4
- name: eck-managed
  repository: https://charts.neo9.pro
  version: 1.0.0
- name: crossplane-buckets
  repository: https://charts.neo9.pro
  version: 0.3.1
- name: minio
  repository: https://helm.min.io
  version: 8.0.10
digest: sha256:7d278206be84b36e2ec14f115ec49f095af69fc74ec4ad726c290c9e0ada6059
generated: "2023-10-23T15:41:08.428089079+02:00"
