dependencies:
- name: mongodb-managed
  repository: https://charts.neo9.pro
  version: 0.8.2
- name: rabbitmq-managed
  repository: https://charts.neo9.pro
  version: 0.6.1
- name: eck-managed
  repository: https://charts.neo9.pro
  version: 0.3.1
- name: crossplane-buckets
  repository: https://charts.neo9.pro
  version: 0.3.1
- name: minio
  repository: https://helm.min.io
  version: 8.0.10
digest: sha256:ee56e12d740993a8d70b30e7604aa4346de68434230e9276f0d0279a5d6f28c8
generated: "2023-07-27T17:45:06.424350626+02:00"
