dependencies:
- name: n9-api
  repository: https://charts.neo9.pro
  version: 1.4.2
- name: n9-api
  repository: https://charts.neo9.pro
  version: 1.4.2
- name: n9-api
  repository: https://charts.neo9.pro
  version: 1.4.2
- name: n9-api
  repository: https://charts.neo9.pro
  version: 1.4.2
- name: n9-api
  repository: https://charts.neo9.pro
  version: 1.4.2
- name: n9-api
  repository: https://charts.neo9.pro
  version: 1.4.2
- name: n9-api
  repository: https://charts.neo9.pro
  version: 1.4.2
- name: n9-api
  repository: https://charts.neo9.pro
  version: 1.4.2
- name: n9-api
  repository: https://charts.neo9.pro
  version: 1.4.2
- name: n9-api
  repository: https://charts.neo9.pro
  version: 1.4.2
- name: n9-api
  repository: https://charts.neo9.pro
  version: 1.4.2
- name: n9-api
  repository: https://charts.neo9.pro
  version: 1.4.2
- name: n9-api
  repository: https://charts.neo9.pro
  version: 1.4.2
- name: n9-api
  repository: https://charts.neo9.pro
  version: 1.4.2
- name: n9-api
  repository: https://charts.neo9.pro
  version: 1.4.2
- name: n9-api
  repository: https://charts.neo9.pro
  version: 1.4.2
- name: n9-api
  repository: https://charts.neo9.pro
  version: 1.4.2
- name: n9-api
  repository: https://charts.neo9.pro
  version: 1.4.2
- name: n9-api
  repository: https://charts.neo9.pro
  version: 1.4.2
- name: n9-api
  repository: https://charts.neo9.pro
  version: 1.4.2
digest: sha256:5c06aeac20433b56237b8e66e23f9992dd34fa1ad2e71db71a7e06110707dd0d
generated: "2023-08-09T14:05:15.227627891+02:00"
